
Microsoft Visual Studio Solution File, Format Version 12.00
# Visual Studio Version 17
VisualStudioVersion = 17.13.35913.81 d17.13
MinimumVisualStudioVersion = 10.0.40219.1
Project("{8BC9CEB8-8B4A-11D0-8D11-00A0C91BC942}") = "DMA_Multithead_Testing", "DMA_Multithead_Testing\DMA_Multithead_Testing.vcxproj", "{991D17CF-F184-4BCA-B7E0-CA71F5F37EFA}"
EndProject
Global
	GlobalSection(SolutionConfigurationPlatforms) = preSolution
		Debug|x64 = Debug|x64
		Debug|x86 = Debug|x86
		Release|x64 = Release|x64
		Release|x86 = Release|x86
	EndGlobalSection
	GlobalSection(ProjectConfigurationPlatforms) = postSolution
		{991D17CF-F184-4BCA-B7E0-CA71F5F37EFA}.Debug|x64.ActiveCfg = Debug|x64
		{991D17CF-F184-4BCA-B7E0-CA71F5F37EFA}.Debug|x64.Build.0 = Debug|x64
		{991D17CF-F184-4BCA-B7E0-CA71F5F37EFA}.Debug|x86.ActiveCfg = Debug|Win32
		{991D17CF-F184-4BCA-B7E0-CA71F5F37EFA}.Debug|x86.Build.0 = Debug|Win32
		{991D17CF-F184-4BCA-B7E0-CA71F5F37EFA}.Release|x64.ActiveCfg = Release|x64
		{991D17CF-F184-4BCA-B7E0-CA71F5F37EFA}.Release|x64.Build.0 = Release|x64
		{991D17CF-F184-4BCA-B7E0-CA71F5F37EFA}.Release|x86.ActiveCfg = Release|Win32
		{991D17CF-F184-4BCA-B7E0-CA71F5F37EFA}.Release|x86.Build.0 = Release|Win32
	EndGlobalSection
	GlobalSection(SolutionProperties) = preSolution
		HideSolutionNode = FALSE
	EndGlobalSection
	GlobalSection(ExtensibilityGlobals) = postSolution
		SolutionGuid = {4D050074-9A75-4945-8530-1918587C5CCF}
	EndGlobalSection
EndGlobal
